
Microsoft Visual Studio Solution File, Format Version 12.00
# Visual Studio Version 16
VisualStudioVersion = 16.0.30413.136
MinimumVisualStudioVersion = 10.0.40219.1
Project("{FAE04EC0-301F-11D3-BF4B-00C04F79EFBC}") = "observer pattern", "observer pattern\observer pattern.csproj", "{4ADB2C6A-3D59-4189-9640-4D5C46F461D3}"
EndProject
Global
	GlobalSection(SolutionConfigurationPlatforms) = preSolution
		Debug|Any CPU = Debug|Any CPU
		Release|Any CPU = Release|Any CPU
	EndGlobalSection
	GlobalSection(ProjectConfigurationPlatforms) = postSolution
		{4ADB2C6A-3D59-4189-9640-4D5C46F461D3}.Debug|Any CPU.ActiveCfg = Debug|Any CPU
		{4ADB2C6A-3D59-4189-9640-4D5C46F461D3}.Debug|Any CPU.Build.0 = Debug|Any CPU
		{4ADB2C6A-3D59-4189-9640-4D5C46F461D3}.Release|Any CPU.ActiveCfg = Release|Any CPU
		{4ADB2C6A-3D59-4189-9640-4D5C46F461D3}.Release|Any CPU.Build.0 = Release|Any CPU
	EndGlobalSection
	GlobalSection(SolutionProperties) = preSolution
		HideSolutionNode = FALSE
	EndGlobalSection
	GlobalSection(ExtensibilityGlobals) = postSolution
		SolutionGuid = {C9C5BEAF-943B-4AC9-8871-0E287B0842E7}
	EndGlobalSection
EndGlobal
